{
    "_meta": {
        "hash": {
            "sha256": "e8fb543bdd7f76a6b8355225e82a2d4d3435a407b2cd23b16bbc039f84d37b35"
        },
        "host-environment-markers": {
            "implementation_name": "cpython",
            "implementation_version": "3.6.2",
            "os_name": "posix",
            "platform_machine": "x86_64",
            "platform_python_implementation": "CPython",
            "platform_release": "16.7.0",
            "platform_system": "Darwin",
            "platform_version": "Darwin Kernel Version 16.7.0: Thu Jun 15 17:36:27 PDT 2017; root:xnu-3789.70.16~2/RELEASE_X86_64",
            "python_full_version": "3.6.2",
            "python_version": "3.6",
            "sys_platform": "darwin"
        },
        "pipfile-spec": 6,
        "requires": {},
        "sources": [
            {
                "name": "pypi",
                "url": "https://pypi.python.org/simple",
                "verify_ssl": true
            }
        ]
    },
    "default": {
        "appjar": {
            "hashes": [
                "sha256:95bb9eb26f039e87c4a34d975766948289f8534dfa2e54df45d74d980c7d903e"
            ],
            "version": "==0.82.0"
        }
    },
    "develop": {}
}
